
Microsoft Visual Studio Solution File, Format Version 12.00
# Visual Studio Version 16
VisualStudioVersion = 16.0.29230.61
MinimumVisualStudioVersion = 10.0.40219.1
Project("{2150E333-8FDC-42A3-9474-1A3956D46DE8}") = "Web", "Web", "{F148405F-05DA-49F8-BFE9-32320034958B}"
EndProject
Project("{FAE04EC0-301F-11D3-BF4B-00C04F79EFBC}") = "WebApp", "WebApp\WebApp.csproj", "{2D41B3B0-15B8-4F0D-B345-1C9060225398}"
EndProject
Project("{2150E333-8FDC-42A3-9474-1A3956D46DE8}") = "Common", "Common", "{0EB29B52-7245-48D4-8403-722E2388A8E3}"
EndProject
Project("{FAE04EC0-301F-11D3-BF4B-00C04F79EFBC}") = "Services", "Services\Services.csproj", "{A366BDB8-6E64-4A2D-8164-97DA977CEABC}"
EndProject
Project("{FAE04EC0-301F-11D3-BF4B-00C04F79EFBC}") = "Dto", "Dto\Dto.csproj", "{C8F90ED9-66FE-4B63-8EC6-1BF2DD32B5F2}"
EndProject
Project("{2150E333-8FDC-42A3-9474-1A3956D46DE8}") = "Grpc", "Grpc", "{6AC308E1-5844-42DF-9ADD-A9AD94CB5F2B}"
EndProject
Project("{FAE04EC0-301F-11D3-BF4B-00C04F79EFBC}") = "OrderGrpc.Server", "OrderGrpc\OrderGrpc.Server.csproj", "{5ACE8EEE-CA97-488F-B7A9-6BA27C1445E3}"
EndProject
Project("{2150E333-8FDC-42A3-9474-1A3956D46DE8}") = "Proto", "Proto", "{E8B1AE42-C21B-4461-A58E-57B9E190CB51}"
	ProjectSection(SolutionItems) = preProject
		Proto\OrderGrpcService.proto = Proto\OrderGrpcService.proto
	EndProjectSection
EndProject
Project("{FAE04EC0-301F-11D3-BF4B-00C04F79EFBC}") = "OrderGrpc.Client", "OrderGrpc.Client\OrderGrpc.Client.csproj", "{85FEA974-7C37-4937-A506-640F5364AC7F}"
EndProject
Project("{FAE04EC0-301F-11D3-BF4B-00C04F79EFBC}") = "GrpcOrderService", "GrpcOrderService\GrpcOrderService.csproj", "{E634526C-F454-4BCF-BD5F-30C5554AE610}"
EndProject
Project("{2150E333-8FDC-42A3-9474-1A3956D46DE8}") = "Services", "Services", "{4E343450-6A44-499F-BF86-5727C2C9C54F}"
EndProject
Project("{2150E333-8FDC-42A3-9474-1A3956D46DE8}") = "Host", "Host", "{96B66E47-D397-4C37-83DE-B7CF7F1FC91D}"
EndProject
Project("{FAE04EC0-301F-11D3-BF4B-00C04F79EFBC}") = "OrderGrpcServiceHost", "OrderGrpcServiceHost\OrderGrpcServiceHost.csproj", "{879A0702-BF45-4256-9295-AE50B778F7CF}"
EndProject
Project("{FAE04EC0-301F-11D3-BF4B-00C04F79EFBC}") = "OrderGrpcServerImplement", "OrderGrpcServerImplement\OrderGrpcServerImplement.csproj", "{6BC4224F-833A-4AAC-AAE8-064D73BEB384}"
EndProject
Global
	GlobalSection(SolutionConfigurationPlatforms) = preSolution
		Debug|Any CPU = Debug|Any CPU
		Release|Any CPU = Release|Any CPU
	EndGlobalSection
	GlobalSection(ProjectConfigurationPlatforms) = postSolution
		{2D41B3B0-15B8-4F0D-B345-1C9060225398}.Debug|Any CPU.ActiveCfg = Debug|Any CPU
		{2D41B3B0-15B8-4F0D-B345-1C9060225398}.Debug|Any CPU.Build.0 = Debug|Any CPU
		{2D41B3B0-15B8-4F0D-B345-1C9060225398}.Release|Any CPU.ActiveCfg = Release|Any CPU
		{2D41B3B0-15B8-4F0D-B345-1C9060225398}.Release|Any CPU.Build.0 = Release|Any CPU
		{A366BDB8-6E64-4A2D-8164-97DA977CEABC}.Debug|Any CPU.ActiveCfg = Debug|Any CPU
		{A366BDB8-6E64-4A2D-8164-97DA977CEABC}.Debug|Any CPU.Build.0 = Debug|Any CPU
		{A366BDB8-6E64-4A2D-8164-97DA977CEABC}.Release|Any CPU.ActiveCfg = Release|Any CPU
		{A366BDB8-6E64-4A2D-8164-97DA977CEABC}.Release|Any CPU.Build.0 = Release|Any CPU
		{C8F90ED9-66FE-4B63-8EC6-1BF2DD32B5F2}.Debug|Any CPU.ActiveCfg = Debug|Any CPU
		{C8F90ED9-66FE-4B63-8EC6-1BF2DD32B5F2}.Debug|Any CPU.Build.0 = Debug|Any CPU
		{C8F90ED9-66FE-4B63-8EC6-1BF2DD32B5F2}.Release|Any CPU.ActiveCfg = Release|Any CPU
		{C8F90ED9-66FE-4B63-8EC6-1BF2DD32B5F2}.Release|Any CPU.Build.0 = Release|Any CPU
		{5ACE8EEE-CA97-488F-B7A9-6BA27C1445E3}.Debug|Any CPU.ActiveCfg = Debug|Any CPU
		{5ACE8EEE-CA97-488F-B7A9-6BA27C1445E3}.Debug|Any CPU.Build.0 = Debug|Any CPU
		{5ACE8EEE-CA97-488F-B7A9-6BA27C1445E3}.Release|Any CPU.ActiveCfg = Release|Any CPU
		{5ACE8EEE-CA97-488F-B7A9-6BA27C1445E3}.Release|Any CPU.Build.0 = Release|Any CPU
		{85FEA974-7C37-4937-A506-640F5364AC7F}.Debug|Any CPU.ActiveCfg = Debug|Any CPU
		{85FEA974-7C37-4937-A506-640F5364AC7F}.Debug|Any CPU.Build.0 = Debug|Any CPU
		{85FEA974-7C37-4937-A506-640F5364AC7F}.Release|Any CPU.ActiveCfg = Release|Any CPU
		{85FEA974-7C37-4937-A506-640F5364AC7F}.Release|Any CPU.Build.0 = Release|Any CPU
		{E634526C-F454-4BCF-BD5F-30C5554AE610}.Debug|Any CPU.ActiveCfg = Debug|Any CPU
		{E634526C-F454-4BCF-BD5F-30C5554AE610}.Debug|Any CPU.Build.0 = Debug|Any CPU
		{E634526C-F454-4BCF-BD5F-30C5554AE610}.Release|Any CPU.ActiveCfg = Release|Any CPU
		{E634526C-F454-4BCF-BD5F-30C5554AE610}.Release|Any CPU.Build.0 = Release|Any CPU
		{879A0702-BF45-4256-9295-AE50B778F7CF}.Debug|Any CPU.ActiveCfg = Debug|Any CPU
		{879A0702-BF45-4256-9295-AE50B778F7CF}.Debug|Any CPU.Build.0 = Debug|Any CPU
		{879A0702-BF45-4256-9295-AE50B778F7CF}.Release|Any CPU.ActiveCfg = Release|Any CPU
		{879A0702-BF45-4256-9295-AE50B778F7CF}.Release|Any CPU.Build.0 = Release|Any CPU
		{6BC4224F-833A-4AAC-AAE8-064D73BEB384}.Debug|Any CPU.ActiveCfg = Debug|Any CPU
		{6BC4224F-833A-4AAC-AAE8-064D73BEB384}.Debug|Any CPU.Build.0 = Debug|Any CPU
		{6BC4224F-833A-4AAC-AAE8-064D73BEB384}.Release|Any CPU.ActiveCfg = Release|Any CPU
		{6BC4224F-833A-4AAC-AAE8-064D73BEB384}.Release|Any CPU.Build.0 = Release|Any CPU
	EndGlobalSection
	GlobalSection(SolutionProperties) = preSolution
		HideSolutionNode = FALSE
	EndGlobalSection
	GlobalSection(NestedProjects) = preSolution
		{2D41B3B0-15B8-4F0D-B345-1C9060225398} = {F148405F-05DA-49F8-BFE9-32320034958B}
		{A366BDB8-6E64-4A2D-8164-97DA977CEABC} = {4E343450-6A44-499F-BF86-5727C2C9C54F}
		{C8F90ED9-66FE-4B63-8EC6-1BF2DD32B5F2} = {0EB29B52-7245-48D4-8403-722E2388A8E3}
		{5ACE8EEE-CA97-488F-B7A9-6BA27C1445E3} = {6AC308E1-5844-42DF-9ADD-A9AD94CB5F2B}
		{85FEA974-7C37-4937-A506-640F5364AC7F} = {6AC308E1-5844-42DF-9ADD-A9AD94CB5F2B}
		{E634526C-F454-4BCF-BD5F-30C5554AE610} = {4E343450-6A44-499F-BF86-5727C2C9C54F}
		{879A0702-BF45-4256-9295-AE50B778F7CF} = {96B66E47-D397-4C37-83DE-B7CF7F1FC91D}
		{6BC4224F-833A-4AAC-AAE8-064D73BEB384} = {6AC308E1-5844-42DF-9ADD-A9AD94CB5F2B}
	EndGlobalSection
	GlobalSection(ExtensibilityGlobals) = postSolution
		SolutionGuid = {259D5097-BD42-42F2-8BB2-94BE1DF92455}
	EndGlobalSection
EndGlobal
