
Microsoft Visual Studio Solution File, Format Version 12.00
# Visual Studio Version 16
VisualStudioVersion = 16.0.29230.61
MinimumVisualStudioVersion = 10.0.40219.1
Project("{2150E333-8FDC-42A3-9474-1A3956D46DE8}") = "Web", "Web", "{F148405F-05DA-49F8-BFE9-32320034958B}"
EndProject
Project("{9A19103F-16F7-4668-BE54-9A1E7A4F7556}") = "WebApp", "WebApp\WebApp.csproj", "{2D41B3B0-15B8-4F0D-B345-1C9060225398}"
EndProject
Project("{2150E333-8FDC-42A3-9474-1A3956D46DE8}") = "Common", "Common", "{0EB29B52-7245-48D4-8403-722E2388A8E3}"
EndProject
Project("{9A19103F-16F7-4668-BE54-9A1E7A4F7556}") = "Services", "Services\Services.csproj", "{A366BDB8-6E64-4A2D-8164-97DA977CEABC}"
EndProject
Project("{9A19103F-16F7-4668-BE54-9A1E7A4F7556}") = "Dto", "Dto\Dto.csproj", "{C8F90ED9-66FE-4B63-8EC6-1BF2DD32B5F2}"
EndProject
Project("{2150E333-8FDC-42A3-9474-1A3956D46DE8}") = "Grpc", "Grpc", "{6AC308E1-5844-42DF-9ADD-A9AD94CB5F2B}"
EndProject
Project("{9A19103F-16F7-4668-BE54-9A1E7A4F7556}") = "OrderGrpc.Server", "OrderGrpc\OrderGrpc.Server.csproj", "{5ACE8EEE-CA97-488F-B7A9-6BA27C1445E3}"
EndProject
Project("{2150E333-8FDC-42A3-9474-1A3956D46DE8}") = "Proto", "Proto", "{E8B1AE42-C21B-4461-A58E-57B9E190CB51}"
	ProjectSection(SolutionItems) = preProject
		Proto\OrderGrpcService.proto = Proto\OrderGrpcService.proto
	EndProjectSection
EndProject
Project("{9A19103F-16F7-4668-BE54-9A1E7A4F7556}") = "OrderGrpc.Client", "OrderGrpc.Client\OrderGrpc.Client.csproj", "{85FEA974-7C37-4937-A506-640F5364AC7F}"
EndProject
Project("{9A19103F-16F7-4668-BE54-9A1E7A4F7556}") = "GrpcOrderService", "GrpcOrderService\GrpcOrderService.csproj", "{E634526C-F454-4BCF-BD5F-30C5554AE610}"
EndProject
Project("{2150E333-8FDC-42A3-9474-1A3956D46DE8}") = "Services", "Services", "{4E343450-6A44-499F-BF86-5727C2C9C54F}"
EndProject
Project("{2150E333-8FDC-42A3-9474-1A3956D46DE8}") = "Host", "Host", "{96B66E47-D397-4C37-83DE-B7CF7F1FC91D}"
EndProject
Project("{9A19103F-16F7-4668-BE54-9A1E7A4F7556}") = "OrderGrpcServiceHost", "OrderGrpcServiceHost\OrderGrpcServiceHost.csproj", "{879A0702-BF45-4256-9295-AE50B778F7CF}"
EndProject
Project("{9A19103F-16F7-4668-BE54-9A1E7A4F7556}") = "OrderGrpcServerImplement", "OrderGrpcServerImplement\OrderGrpcServerImplement.csproj", "{6BC4224F-833A-4AAC-AAE8-064D73BEB384}"
EndProject
Project("{9A19103F-16F7-4668-BE54-9A1E7A4F7556}") = "Repository", "Repository\Repository.csproj", "{FE88BBC9-E6D9-46B4-B9FE-445F32496014}"
EndProject
Project("{9A19103F-16F7-4668-BE54-9A1E7A4F7556}") = "OrderGrpcServiceWorkerServiceHost", "OrderGrpcServiceWorkerServiceHost\OrderGrpcServiceWorkerServiceHost.csproj", "{7EEE1A2A-F8E2-40F2-B797-446B0AD2230A}"
EndProject
Project("{9A19103F-16F7-4668-BE54-9A1E7A4F7556}") = "Entity", "Entity\Entity.csproj", "{888F4B8F-E02E-43B7-99AE-3918B53377DA}"
EndProject
Project("{9A19103F-16F7-4668-BE54-9A1E7A4F7556}") = "EFCoreRepository", "EFCoreRepository\EFCoreRepository.csproj", "{770A415A-584B-4884-972D-4BF419990CE3}"
EndProject
Project("{9A19103F-16F7-4668-BE54-9A1E7A4F7556}") = "OrderDb", "OrderDb\OrderDb.csproj", "{7C6894D9-E663-4FED-BA6E-18A7A0FACF6A}"
EndProject
Project("{9A19103F-16F7-4668-BE54-9A1E7A4F7556}") = "OrderGrpcRepository", "OrderGrpcService\OrderGrpcRepository.csproj", "{1E5B81A3-004D-4F6C-BD37-5ECCEC181C03}"
EndProject
Project("{2150E333-8FDC-42A3-9474-1A3956D46DE8}") = "Frontend", "Frontend", "{027CEAD4-1847-4B1D-B661-2AC63F6EA8DD}"
EndProject
Project("{2150E333-8FDC-42A3-9474-1A3956D46DE8}") = "Backend", "Backend", "{D3379D70-B2F4-478E-8A71-711B3A6C9CCF}"
EndProject
Project("{2150E333-8FDC-42A3-9474-1A3956D46DE8}") = "RepositoryInfo", "RepositoryInfo", "{F3E97E93-51A6-4933-9DA5-68611E2E5560}"
EndProject
Global
	GlobalSection(SolutionConfigurationPlatforms) = preSolution
		Debug|Any CPU = Debug|Any CPU
		Release|Any CPU = Release|Any CPU
	EndGlobalSection
	GlobalSection(ProjectConfigurationPlatforms) = postSolution
		{2D41B3B0-15B8-4F0D-B345-1C9060225398}.Debug|Any CPU.ActiveCfg = Debug|Any CPU
		{2D41B3B0-15B8-4F0D-B345-1C9060225398}.Debug|Any CPU.Build.0 = Debug|Any CPU
		{2D41B3B0-15B8-4F0D-B345-1C9060225398}.Release|Any CPU.ActiveCfg = Release|Any CPU
		{2D41B3B0-15B8-4F0D-B345-1C9060225398}.Release|Any CPU.Build.0 = Release|Any CPU
		{A366BDB8-6E64-4A2D-8164-97DA977CEABC}.Debug|Any CPU.ActiveCfg = Debug|Any CPU
		{A366BDB8-6E64-4A2D-8164-97DA977CEABC}.Debug|Any CPU.Build.0 = Debug|Any CPU
		{A366BDB8-6E64-4A2D-8164-97DA977CEABC}.Release|Any CPU.ActiveCfg = Release|Any CPU
		{A366BDB8-6E64-4A2D-8164-97DA977CEABC}.Release|Any CPU.Build.0 = Release|Any CPU
		{C8F90ED9-66FE-4B63-8EC6-1BF2DD32B5F2}.Debug|Any CPU.ActiveCfg = Debug|Any CPU
		{C8F90ED9-66FE-4B63-8EC6-1BF2DD32B5F2}.Debug|Any CPU.Build.0 = Debug|Any CPU
		{C8F90ED9-66FE-4B63-8EC6-1BF2DD32B5F2}.Release|Any CPU.ActiveCfg = Release|Any CPU
		{C8F90ED9-66FE-4B63-8EC6-1BF2DD32B5F2}.Release|Any CPU.Build.0 = Release|Any CPU
		{5ACE8EEE-CA97-488F-B7A9-6BA27C1445E3}.Debug|Any CPU.ActiveCfg = Debug|Any CPU
		{5ACE8EEE-CA97-488F-B7A9-6BA27C1445E3}.Debug|Any CPU.Build.0 = Debug|Any CPU
		{5ACE8EEE-CA97-488F-B7A9-6BA27C1445E3}.Release|Any CPU.ActiveCfg = Release|Any CPU
		{5ACE8EEE-CA97-488F-B7A9-6BA27C1445E3}.Release|Any CPU.Build.0 = Release|Any CPU
		{85FEA974-7C37-4937-A506-640F5364AC7F}.Debug|Any CPU.ActiveCfg = Debug|Any CPU
		{85FEA974-7C37-4937-A506-640F5364AC7F}.Debug|Any CPU.Build.0 = Debug|Any CPU
		{85FEA974-7C37-4937-A506-640F5364AC7F}.Release|Any CPU.ActiveCfg = Release|Any CPU
		{85FEA974-7C37-4937-A506-640F5364AC7F}.Release|Any CPU.Build.0 = Release|Any CPU
		{E634526C-F454-4BCF-BD5F-30C5554AE610}.Debug|Any CPU.ActiveCfg = Debug|Any CPU
		{E634526C-F454-4BCF-BD5F-30C5554AE610}.Debug|Any CPU.Build.0 = Debug|Any CPU
		{E634526C-F454-4BCF-BD5F-30C5554AE610}.Release|Any CPU.ActiveCfg = Release|Any CPU
		{E634526C-F454-4BCF-BD5F-30C5554AE610}.Release|Any CPU.Build.0 = Release|Any CPU
		{879A0702-BF45-4256-9295-AE50B778F7CF}.Debug|Any CPU.ActiveCfg = Debug|Any CPU
		{879A0702-BF45-4256-9295-AE50B778F7CF}.Debug|Any CPU.Build.0 = Debug|Any CPU
		{879A0702-BF45-4256-9295-AE50B778F7CF}.Release|Any CPU.ActiveCfg = Release|Any CPU
		{879A0702-BF45-4256-9295-AE50B778F7CF}.Release|Any CPU.Build.0 = Release|Any CPU
		{6BC4224F-833A-4AAC-AAE8-064D73BEB384}.Debug|Any CPU.ActiveCfg = Debug|Any CPU
		{6BC4224F-833A-4AAC-AAE8-064D73BEB384}.Debug|Any CPU.Build.0 = Debug|Any CPU
		{6BC4224F-833A-4AAC-AAE8-064D73BEB384}.Release|Any CPU.ActiveCfg = Release|Any CPU
		{6BC4224F-833A-4AAC-AAE8-064D73BEB384}.Release|Any CPU.Build.0 = Release|Any CPU
		{FE88BBC9-E6D9-46B4-B9FE-445F32496014}.Debug|Any CPU.ActiveCfg = Debug|Any CPU
		{FE88BBC9-E6D9-46B4-B9FE-445F32496014}.Debug|Any CPU.Build.0 = Debug|Any CPU
		{FE88BBC9-E6D9-46B4-B9FE-445F32496014}.Release|Any CPU.ActiveCfg = Release|Any CPU
		{FE88BBC9-E6D9-46B4-B9FE-445F32496014}.Release|Any CPU.Build.0 = Release|Any CPU
		{7EEE1A2A-F8E2-40F2-B797-446B0AD2230A}.Debug|Any CPU.ActiveCfg = Debug|Any CPU
		{7EEE1A2A-F8E2-40F2-B797-446B0AD2230A}.Debug|Any CPU.Build.0 = Debug|Any CPU
		{7EEE1A2A-F8E2-40F2-B797-446B0AD2230A}.Release|Any CPU.ActiveCfg = Release|Any CPU
		{7EEE1A2A-F8E2-40F2-B797-446B0AD2230A}.Release|Any CPU.Build.0 = Release|Any CPU
		{888F4B8F-E02E-43B7-99AE-3918B53377DA}.Debug|Any CPU.ActiveCfg = Debug|Any CPU
		{888F4B8F-E02E-43B7-99AE-3918B53377DA}.Debug|Any CPU.Build.0 = Debug|Any CPU
		{888F4B8F-E02E-43B7-99AE-3918B53377DA}.Release|Any CPU.ActiveCfg = Release|Any CPU
		{888F4B8F-E02E-43B7-99AE-3918B53377DA}.Release|Any CPU.Build.0 = Release|Any CPU
		{770A415A-584B-4884-972D-4BF419990CE3}.Debug|Any CPU.ActiveCfg = Debug|Any CPU
		{770A415A-584B-4884-972D-4BF419990CE3}.Debug|Any CPU.Build.0 = Debug|Any CPU
		{770A415A-584B-4884-972D-4BF419990CE3}.Release|Any CPU.ActiveCfg = Release|Any CPU
		{770A415A-584B-4884-972D-4BF419990CE3}.Release|Any CPU.Build.0 = Release|Any CPU
		{7C6894D9-E663-4FED-BA6E-18A7A0FACF6A}.Debug|Any CPU.ActiveCfg = Debug|Any CPU
		{7C6894D9-E663-4FED-BA6E-18A7A0FACF6A}.Debug|Any CPU.Build.0 = Debug|Any CPU
		{7C6894D9-E663-4FED-BA6E-18A7A0FACF6A}.Release|Any CPU.ActiveCfg = Release|Any CPU
		{7C6894D9-E663-4FED-BA6E-18A7A0FACF6A}.Release|Any CPU.Build.0 = Release|Any CPU
		{1E5B81A3-004D-4F6C-BD37-5ECCEC181C03}.Debug|Any CPU.ActiveCfg = Debug|Any CPU
		{1E5B81A3-004D-4F6C-BD37-5ECCEC181C03}.Debug|Any CPU.Build.0 = Debug|Any CPU
		{1E5B81A3-004D-4F6C-BD37-5ECCEC181C03}.Release|Any CPU.ActiveCfg = Release|Any CPU
		{1E5B81A3-004D-4F6C-BD37-5ECCEC181C03}.Release|Any CPU.Build.0 = Release|Any CPU
	EndGlobalSection
	GlobalSection(SolutionProperties) = preSolution
		HideSolutionNode = FALSE
	EndGlobalSection
	GlobalSection(NestedProjects) = preSolution
		{F148405F-05DA-49F8-BFE9-32320034958B} = {027CEAD4-1847-4B1D-B661-2AC63F6EA8DD}
		{2D41B3B0-15B8-4F0D-B345-1C9060225398} = {F148405F-05DA-49F8-BFE9-32320034958B}
		{A366BDB8-6E64-4A2D-8164-97DA977CEABC} = {4E343450-6A44-499F-BF86-5727C2C9C54F}
		{C8F90ED9-66FE-4B63-8EC6-1BF2DD32B5F2} = {027CEAD4-1847-4B1D-B661-2AC63F6EA8DD}
		{6AC308E1-5844-42DF-9ADD-A9AD94CB5F2B} = {D3379D70-B2F4-478E-8A71-711B3A6C9CCF}
		{5ACE8EEE-CA97-488F-B7A9-6BA27C1445E3} = {6AC308E1-5844-42DF-9ADD-A9AD94CB5F2B}
		{E8B1AE42-C21B-4461-A58E-57B9E190CB51} = {0EB29B52-7245-48D4-8403-722E2388A8E3}
		{85FEA974-7C37-4937-A506-640F5364AC7F} = {4E343450-6A44-499F-BF86-5727C2C9C54F}
		{E634526C-F454-4BCF-BD5F-30C5554AE610} = {4E343450-6A44-499F-BF86-5727C2C9C54F}
		{4E343450-6A44-499F-BF86-5727C2C9C54F} = {027CEAD4-1847-4B1D-B661-2AC63F6EA8DD}
		{96B66E47-D397-4C37-83DE-B7CF7F1FC91D} = {D3379D70-B2F4-478E-8A71-711B3A6C9CCF}
		{879A0702-BF45-4256-9295-AE50B778F7CF} = {96B66E47-D397-4C37-83DE-B7CF7F1FC91D}
		{6BC4224F-833A-4AAC-AAE8-064D73BEB384} = {6AC308E1-5844-42DF-9ADD-A9AD94CB5F2B}
		{FE88BBC9-E6D9-46B4-B9FE-445F32496014} = {F3E97E93-51A6-4933-9DA5-68611E2E5560}
		{7EEE1A2A-F8E2-40F2-B797-446B0AD2230A} = {96B66E47-D397-4C37-83DE-B7CF7F1FC91D}
		{888F4B8F-E02E-43B7-99AE-3918B53377DA} = {F3E97E93-51A6-4933-9DA5-68611E2E5560}
		{770A415A-584B-4884-972D-4BF419990CE3} = {F3E97E93-51A6-4933-9DA5-68611E2E5560}
		{7C6894D9-E663-4FED-BA6E-18A7A0FACF6A} = {F3E97E93-51A6-4933-9DA5-68611E2E5560}
		{1E5B81A3-004D-4F6C-BD37-5ECCEC181C03} = {F3E97E93-51A6-4933-9DA5-68611E2E5560}
		{F3E97E93-51A6-4933-9DA5-68611E2E5560} = {D3379D70-B2F4-478E-8A71-711B3A6C9CCF}
	EndGlobalSection
	GlobalSection(ExtensibilityGlobals) = postSolution
		SolutionGuid = {259D5097-BD42-42F2-8BB2-94BE1DF92455}
	EndGlobalSection
EndGlobal
